
Microsoft Visual Studio Solution File, Format Version 12.00
# Visual Studio 15
VisualStudioVersion = 15.0.27703.2000
MinimumVisualStudioVersion = 10.0.40219.1
Project("{888888A0-9F3D-457C-B088-3A5042F75D52}") = "project_tracker", "project_tracker\project_tracker.pyproj", "{783FE2C8-B841-41C7-9887-CD83483159BF}"
EndProject
Global
	GlobalSection(SolutionConfigurationPlatforms) = preSolution
		Debug|Any CPU = Debug|Any CPU
		Release|Any CPU = Release|Any CPU
	EndGlobalSection
	GlobalSection(ProjectConfigurationPlatforms) = postSolution
		{783FE2C8-B841-41C7-9887-CD83483159BF}.Debug|Any CPU.ActiveCfg = Debug|Any CPU
		{783FE2C8-B841-41C7-9887-CD83483159BF}.Release|Any CPU.ActiveCfg = Release|Any CPU
	EndGlobalSection
	GlobalSection(SolutionProperties) = preSolution
		HideSolutionNode = FALSE
	EndGlobalSection
	GlobalSection(ExtensibilityGlobals) = postSolution
		SolutionGuid = {F6A93856-42AE-462D-9C30-AF322E31F242}
	EndGlobalSection
EndGlobal
